
Microsoft Visual Studio Solution File, Format Version 12.00
# Visual Studio Version 16
VisualStudioVersion = 16.0.30413.136
MinimumVisualStudioVersion = 10.0.40219.1
Project("{888888A0-9F3D-457C-B088-3A5042F75D52}") = "Sorting Algorithm with Matplotlib", "Sorting Algorithm with Matplotlib.pyproj", "{32695BEA-672C-4470-8EFD-41EA3C86EC6C}"
EndProject
Global
	GlobalSection(SolutionConfigurationPlatforms) = preSolution
		Debug|Any CPU = Debug|Any CPU
		Release|Any CPU = Release|Any CPU
	EndGlobalSection
	GlobalSection(ProjectConfigurationPlatforms) = postSolution
		{32695BEA-672C-4470-8EFD-41EA3C86EC6C}.Debug|Any CPU.ActiveCfg = Debug|Any CPU
		{32695BEA-672C-4470-8EFD-41EA3C86EC6C}.Release|Any CPU.ActiveCfg = Release|Any CPU
	EndGlobalSection
	GlobalSection(SolutionProperties) = preSolution
		HideSolutionNode = FALSE
	EndGlobalSection
	GlobalSection(ExtensibilityGlobals) = postSolution
		SolutionGuid = {18BE0B73-FECD-4529-AE7B-B09713D9F3B8}
	EndGlobalSection
EndGlobal
